{
    "version": 3,
    "terraform_version": "0.11.7",
    "serial": 29,
    "lineage": "a1c836bd-245d-3863-9def-4ed25f014257",
    "modules": [
        {
            "path": [
                "root"
            ],
            "outputs": {},
            "resources": {
                "aws_eip.ip": {
                    "type": "aws_eip",
                    "depends_on": [
                        "aws_instance.example"
                    ],
                    "primary": {
                        "id": "eipalloc-cf0b01e1",
                        "attributes": {
                            "association_id": "eipassoc-efa26035",
                            "domain": "vpc",
                            "id": "eipalloc-cf0b01e1",
                            "instance": "i-0e51aa2670fb6ad87",
                            "network_interface": "eni-4b090061",
                            "private_ip": "172.31.16.77",
                            "public_ip": "18.197.134.3",
                            "tags.%": "0",
                            "vpc": "true"
                        },
                        "meta": {
                            "e2bfb730-ecaa-11e6-8f88-34363bc7c4c0": {
                                "delete": 180000000000,
                                "read": 900000000000,
                                "update": 300000000000
                            }
                        },
                        "tainted": false
                    },
                    "deposed": [],
                    "provider": "provider.aws"
                },
                "aws_instance.example": {
                    "type": "aws_instance",
                    "depends_on": [
                        "aws_s3_bucket.bucket_ex"
                    ],
                    "primary": {
                        "id": "i-0e51aa2670fb6ad87",
                        "attributes": {
                            "ami": "ami-9a91b371",
                            "associate_public_ip_address": "true",
                            "availability_zone": "eu-central-1b",
                            "credit_specification.#": "1",
                            "credit_specification.0.cpu_credits": "standard",
                            "disable_api_termination": "false",
                            "ebs_block_device.#": "0",
                            "ebs_optimized": "false",
                            "ephemeral_block_device.#": "0",
                            "get_password_data": "false",
                            "iam_instance_profile": "",
                            "id": "i-0e51aa2670fb6ad87",
                            "instance_state": "running",
                            "instance_type": "t2.micro",
                            "ipv6_addresses.#": "0",
                            "key_name": "",
                            "monitoring": "false",
                            "network_interface.#": "0",
                            "network_interface_id": "eni-4b090061",
                            "password_data": "",
                            "placement_group": "",
                            "primary_network_interface_id": "eni-4b090061",
                            "private_dns": "ip-172-31-16-77.eu-central-1.compute.internal",
                            "private_ip": "172.31.16.77",
                            "public_dns": "ec2-18-197-134-3.eu-central-1.compute.amazonaws.com",
                            "public_ip": "18.197.134.3",
                            "root_block_device.#": "1",
                            "root_block_device.0.delete_on_termination": "true",
                            "root_block_device.0.iops": "100",
                            "root_block_device.0.volume_id": "vol-0d45a1e7d6a74c75a",
                            "root_block_device.0.volume_size": "8",
                            "root_block_device.0.volume_type": "gp2",
                            "security_groups.#": "1",
                            "security_groups.3814588639": "default",
                            "source_dest_check": "true",
                            "subnet_id": "subnet-b98112c2",
                            "tags.%": "0",
                            "tenancy": "default",
                            "volume_tags.%": "0",
                            "vpc_security_group_ids.#": "1",
                            "vpc_security_group_ids.458639946": "sg-67fba10e"
                        },
                        "meta": {
                            "e2bfb730-ecaa-11e6-8f88-34363bc7c4c0": {
                                "create": 600000000000,
                                "delete": 1200000000000,
                                "update": 600000000000
                            },
                            "schema_version": "1"
                        },
                        "tainted": false
                    },
                    "deposed": [],
                    "provider": "provider.aws"
                },
                "aws_s3_bucket.bucket_ex": {
                    "type": "aws_s3_bucket",
                    "depends_on": [],
                    "primary": {
                        "id": "2106-natkam",
                        "attributes": {
                            "acceleration_status": "",
                            "acl": "public-read",
                            "arn": "arn:aws:s3:::2106-natkam",
                            "bucket": "2106-natkam",
                            "bucket_domain_name": "2106-natkam.s3.amazonaws.com",
                            "bucket_regional_domain_name": "2106-natkam.s3.eu-central-1.amazonaws.com",
                            "force_destroy": "false",
                            "hosted_zone_id": "Z21DNDUVLTQW6Q",
                            "id": "2106-natkam",
                            "logging.#": "0",
                            "region": "eu-central-1",
                            "replication_configuration.#": "0",
                            "request_payer": "BucketOwner",
                            "server_side_encryption_configuration.#": "0",
                            "tags.%": "0",
                            "versioning.#": "1",
                            "versioning.0.enabled": "false",
                            "versioning.0.mfa_delete": "false",
                            "website.#": "0"
                        },
                        "meta": {},
                        "tainted": false
                    },
                    "deposed": [],
                    "provider": "provider.aws"
                },
                "aws_s3_bucket_object.pic": {
                    "type": "aws_s3_bucket_object",
                    "depends_on": [
                        "aws_s3_bucket.bucket_ex"
                    ],
                    "primary": {
                        "id": "funny_cat.jpg",
                        "attributes": {
                            "acl": "public-read",
                            "bucket": "2106-natkam",
                            "cache_control": "",
                            "content_disposition": "",
                            "content_encoding": "",
                            "content_language": "",
                            "content_type": "image/jpeg",
                            "etag": "4185a48ae8b6e12cd7b20ad6278906f1",
                            "id": "funny_cat.jpg",
                            "key": "funny_cat.jpg",
                            "server_side_encryption": "",
                            "source": "./sad_cat.jpg",
                            "storage_class": "STANDARD",
                            "tags.%": "0",
                            "version_id": "",
                            "website_redirect": ""
                        },
                        "meta": {},
                        "tainted": false
                    },
                    "deposed": [],
                    "provider": "provider.aws"
                }
            },
            "depends_on": []
        }
    ]
}
